// !$*UTF8*$!
{
	archiveVersion = 1;
	classes = {
	};
	objectVersion = 51;
	objects = {

/* Begin PBXBuildFile section */
		C01F9E7F26207A1F00E0AE56 /* AppDelegate.swift in Sources */ = {isa = PBXBuildFile; fileRef = C01F9E7E26207A1F00E0AE56 /* AppDelegate.swift */; };
		C01F9E8126207A1F00E0AE56 /* SceneDelegate.swift in Sources */ = {isa = PBXBuildFile; fileRef = C01F9E8026207A1F00E0AE56 /* SceneDelegate.swift */; };
		C01F9E8326207A1F00E0AE56 /* ViewController.swift in Sources */ = {isa = PBXBuildFile; fileRef = C01F9E8226207A1F00E0AE56 /* ViewController.swift */; };
		C01F9E8626207A1F00E0AE56 /* Main.storyboard in Resources */ = {isa = PBXBuildFile; fileRef = C01F9E8426207A1F00E0AE56 /* Main.storyboard */; };
		C01F9E8826207A2000E0AE56 /* Assets.xcassets in Resources */ = {isa = PBXBuildFile; fileRef = C01F9E8726207A2000E0AE56 /* Assets.xcassets */; };
		C01F9E8B26207A2000E0AE56 /* LaunchScreen.storyboard in Resources */ = {isa = PBXBuildFile; fileRef = C01F9E8926207A2000E0AE56 /* LaunchScreen.storyboard */; };
		C0D72B8C2625D9AF005722D5 /* Location.swift in Sources */ = {isa = PBXBuildFile; fileRef = C0D72B8B2625D9AF005722D5 /* Location.swift */; };
		D0062510DF2CF0B67F64CE4A /* Pods_MapKit.framework in Frameworks */ = {isa = PBXBuildFile; fileRef = 0971FCADEC3A7EF424E789E9 /* Pods_MapKit.framework */; };
/* End PBXBuildFile section */

/* Begin PBXFileReference section */
		0971FCADEC3A7EF424E789E9 /* Pods_MapKit.framework */ = {isa = PBXFileReference; explicitFileType = wrapper.framework; includeInIndex = 0; path = Pods_MapKit.framework; sourceTree = BUILT_PRODUCTS_DIR; };
		B9BE2378FD192404065A2DF3 /* Pods-MapKit.debug.xcconfig */ = {isa = PBXFileReference; includeInIndex = 1; lastKnownFileType = text.xcconfig; name = "Pods-MapKit.debug.xcconfig"; path = "Target Support Files/Pods-MapKit/Pods-MapKit.debug.xcconfig"; sourceTree = "<group>"; };
		C01D1C0C5F3EE05D172904C0 /* Pods-MapKit.release.xcconfig */ = {isa = PBXFileReference; includeInIndex = 1; lastKnownFileType = text.xcconfig; name = "Pods-MapKit.release.xcconfig"; path = "Target Support Files/Pods-MapKit/Pods-MapKit.release.xcconfig"; sourceTree = "<group>"; };
		C01F9E7B26207A1F00E0AE56 /* MapKit.app */ = {isa = PBXFileReference; explicitFileType = wrapper.application; includeInIndex = 0; path = MapKit.app; sourceTree = BUILT_PRODUCTS_DIR; };
		C01F9E7E26207A1F00E0AE56 /* AppDelegate.swift */ = {isa = PBXFileReference; lastKnownFileType = sourcecode.swift; path = AppDelegate.swift; sourceTree = "<group>"; };
		C01F9E8026207A1F00E0AE56 /* SceneDelegate.swift */ = {isa = PBXFileReference; lastKnownFileType = sourcecode.swift; path = SceneDelegate.swift; sourceTree = "<group>"; };
		C01F9E8226207A1F00E0AE56 /* ViewController.swift */ = {isa = PBXFileReference; lastKnownFileType = sourcecode.swift; path = ViewController.swift; sourceTree = "<group>"; };
		C01F9E8526207A1F00E0AE56 /* Base */ = {isa = PBXFileReference; lastKnownFileType = file.storyboard; name = Base; path = Base.lproj/Main.storyboard; sourceTree = "<group>"; };
		C01F9E8726207A2000E0AE56 /* Assets.xcassets */ = {isa = PBXFileReference; lastKnownFileType = folder.assetcatalog; path = Assets.xcassets; sourceTree = "<group>"; };
		C01F9E8A26207A2000E0AE56 /* Base */ = {isa = PBXFileReference; lastKnownFileType = file.storyboard; name = Base; path = Base.lproj/LaunchScreen.storyboard; sourceTree = "<group>"; };
		C01F9E8C26207A2000E0AE56 /* Info.plist */ = {isa = PBXFileReference; lastKnownFileType = text.plist.xml; path = Info.plist; sourceTree = "<group>"; };
		C0D72B8B2625D9AF005722D5 /* Location.swift */ = {isa = PBXFileReference; lastKnownFileType = sourcecode.swift; path = Location.swift; sourceTree = "<group>"; };
/* End PBXFileReference section */

/* Begin PBXFrameworksBuildPhase section */
		C01F9E7826207A1F00E0AE56 /* Frameworks */ = {
			isa = PBXFrameworksBuildPhase;
			buildActionMask = 2147483647;
			files = (
				D0062510DF2CF0B67F64CE4A /* Pods_MapKit.framework in Frameworks */,
			);
			runOnlyForDeploymentPostprocessing = 0;
		};
/* End PBXFrameworksBuildPhase section */

/* Begin PBXGroup section */
		2633AE7955000DEE46D66383 /* Pods */ = {
			isa = PBXGroup;
			children = (
				B9BE2378FD192404065A2DF3 /* Pods-MapKit.debug.xcconfig */,
				C01D1C0C5F3EE05D172904C0 /* Pods-MapKit.release.xcconfig */,
			);
			path = Pods;
			sourceTree = "<group>";
		};
		9655EB6E1C0D3392CFEA955E /* Frameworks */ = {
			isa = PBXGroup;
			children = (
				0971FCADEC3A7EF424E789E9 /* Pods_MapKit.framework */,
			);
			name = Frameworks;
			sourceTree = "<group>";
		};
		C01F9E7226207A1F00E0AE56 = {
			isa = PBXGroup;
			children = (
				C01F9E7D26207A1F00E0AE56 /* MapKit */,
				C01F9E7C26207A1F00E0AE56 /* Products */,
				2633AE7955000DEE46D66383 /* Pods */,
				9655EB6E1C0D3392CFEA955E /* Frameworks */,
			);
			sourceTree = "<group>";
		};
		C01F9E7C26207A1F00E0AE56 /* Products */ = {
			isa = PBXGroup;
			children = (
				C01F9E7B26207A1F00E0AE56 /* MapKit.app */,
			);
			name = Products;
			sourceTree = "<group>";
		};
		C01F9E7D26207A1F00E0AE56 /* MapKit */ = {
			isa = PBXGroup;
			children = (
				C087BAF92625E70C0098F907 /* View */,
				C087BAF82625E7000098F907 /* Controller */,
				C087BAF72625E6E80098F907 /* Other */,
				C087BAF62625E6D90098F907 /* Model */,
				C01F9E8726207A2000E0AE56 /* Assets.xcassets */,
				C01F9E8C26207A2000E0AE56 /* Info.plist */,
			);
			path = MapKit;
			sourceTree = "<group>";
		};
		C087BAF62625E6D90098F907 /* Model */ = {
			isa = PBXGroup;
			children = (
				C0D72B8B2625D9AF005722D5 /* Location.swift */,
			);
			path = Model;
			sourceTree = "<group>";
		};
		C087BAF72625E6E80098F907 /* Other */ = {
			isa = PBXGroup;
			children = (
				C01F9E7E26207A1F00E0AE56 /* AppDelegate.swift */,
				C01F9E8026207A1F00E0AE56 /* SceneDelegate.swift */,
			);
			path = Other;
			sourceTree = "<group>";
		};
		C087BAF82625E7000098F907 /* Controller */ = {
			isa = PBXGroup;
			children = (
				C01F9E8226207A1F00E0AE56 /* ViewController.swift */,
			);
			path = Controller;
			sourceTree = "<group>";
		};
		C087BAF92625E70C0098F907 /* View */ = {
			isa = PBXGroup;
			children = (
				C01F9E8426207A1F00E0AE56 /* Main.storyboard */,
				C01F9E8926207A2000E0AE56 /* LaunchScreen.storyboard */,
			);
			path = View;
			sourceTree = "<group>";
		};
/* End PBXGroup section */

/* Begin PBXNativeTarget section */
		C01F9E7A26207A1F00E0AE56 /* MapKit */ = {
			isa = PBXNativeTarget;
			buildConfigurationList = C01F9E8F26207A2000E0AE56 /* Build configuration list for PBXNativeTarget "MapKit" */;
			buildPhases = (
				D407644C39F384922991CD0C /* [CP] Check Pods Manifest.lock */,
				C01F9E7726207A1F00E0AE56 /* Sources */,
				C01F9E7826207A1F00E0AE56 /* Frameworks */,
				C01F9E7926207A1F00E0AE56 /* Resources */,
				F7A7DC9D7788F53282B4E9D0 /* [CP] Copy Pods Resources */,
			);
			buildRules = (
			);
			dependencies = (
			);
			name = MapKit;
			productName = MapKit;
			productReference = C01F9E7B26207A1F00E0AE56 /* MapKit.app */;
			productType = "com.apple.product-type.application";
		};
/* End PBXNativeTarget section */

/* Begin PBXProject section */
		C01F9E7326207A1F00E0AE56 /* Project object */ = {
			isa = PBXProject;
			attributes = {
				LastSwiftUpdateCheck = 1240;
				LastUpgradeCheck = 1240;
				TargetAttributes = {
					C01F9E7A26207A1F00E0AE56 = {
						CreatedOnToolsVersion = 12.4;
					};
				};
			};
			buildConfigurationList = C01F9E7626207A1F00E0AE56 /* Build configuration list for PBXProject "MapKit" */;
			compatibilityVersion = "Xcode 9.3";
			developmentRegion = en;
			hasScannedForEncodings = 0;
			knownRegions = (
				en,
				Base,
			);
			mainGroup = C01F9E7226207A1F00E0AE56;
			productRefGroup = C01F9E7C26207A1F00E0AE56 /* Products */;
			projectDirPath = "";
			projectRoot = "";
			targets = (
				C01F9E7A26207A1F00E0AE56 /* MapKit */,
			);
		};
/* End PBXProject section */

/* Begin PBXResourcesBuildPhase section */
		C01F9E7926207A1F00E0AE56 /* Resources */ = {
			isa = PBXResourcesBuildPhase;
			buildActionMask = 2147483647;
			files = (
				C01F9E8B26207A2000E0AE56 /* LaunchScreen.storyboard in Resources */,
				C01F9E8826207A2000E0AE56 /* Assets.xcassets in Resources */,
				C01F9E8626207A1F00E0AE56 /* Main.storyboard in Resources */,
			);
			runOnlyForDeploymentPostprocessing = 0;
		};
/* End PBXResourcesBuildPhase section */

/* Begin PBXShellScriptBuildPhase section */
		D407644C39F384922991CD0C /* [CP] Check Pods Manifest.lock */ = {
			isa = PBXShellScriptBuildPhase;
			buildActionMask = 2147483647;
			files = (
			);
			inputFileListPaths = (
			);
			inputPaths = (
				"${PODS_PODFILE_DIR_PATH}/Podfile.lock",
				"${PODS_ROOT}/Manifest.lock",
			);
			name = "[CP] Check Pods Manifest.lock";
			outputFileListPaths = (
			);
			outputPaths = (
				"$(DERIVED_FILE_DIR)/Pods-MapKit-checkManifestLockResult.txt",
			);
			runOnlyForDeploymentPostprocessing = 0;
			shellPath = /bin/sh;
			shellScript = "diff \"${PODS_PODFILE_DIR_PATH}/Podfile.lock\" \"${PODS_ROOT}/Manifest.lock\" > /dev/null\nif [ $? != 0 ] ; then\n    # print error to STDERR\n    echo \"error: The sandbox is not in sync with the Podfile.lock. Run 'pod install' or update your CocoaPods installation.\" >&2\n    exit 1\nfi\n# This output is used by Xcode 'outputs' to avoid re-running this script phase.\necho \"SUCCESS\" > \"${SCRIPT_OUTPUT_FILE_0}\"\n";
			showEnvVarsInLog = 0;
		};
		F7A7DC9D7788F53282B4E9D0 /* [CP] Copy Pods Resources */ = {
			isa = PBXShellScriptBuildPhase;
			buildActionMask = 2147483647;
			files = (
			);
			inputFileListPaths = (
				"${PODS_ROOT}/Target Support Files/Pods-MapKit/Pods-MapKit-resources-${CONFIGURATION}-input-files.xcfilelist",
			);
			name = "[CP] Copy Pods Resources";
			outputFileListPaths = (
				"${PODS_ROOT}/Target Support Files/Pods-MapKit/Pods-MapKit-resources-${CONFIGURATION}-output-files.xcfilelist",
			);
			runOnlyForDeploymentPostprocessing = 0;
			shellPath = /bin/sh;
			shellScript = "\"${PODS_ROOT}/Target Support Files/Pods-MapKit/Pods-MapKit-resources.sh\"\n";
			showEnvVarsInLog = 0;
		};
/* End PBXShellScriptBuildPhase section */

/* Begin PBXSourcesBuildPhase section */
		C01F9E7726207A1F00E0AE56 /* Sources */ = {
			isa = PBXSourcesBuildPhase;
			buildActionMask = 2147483647;
			files = (
				C01F9E8326207A1F00E0AE56 /* ViewController.swift in Sources */,
				C01F9E7F26207A1F00E0AE56 /* AppDelegate.swift in Sources */,
				C0D72B8C2625D9AF005722D5 /* Location.swift in Sources */,
				C01F9E8126207A1F00E0AE56 /* SceneDelegate.swift in Sources */,
			);
			runOnlyForDeploymentPostprocessing = 0;
		};
/* End PBXSourcesBuildPhase section */

/* Begin PBXVariantGroup section */
		C01F9E8426207A1F00E0AE56 /* Main.storyboard */ = {
			isa = PBXVariantGroup;
			children = (
				C01F9E8526207A1F00E0AE56 /* Base */,
			);
			name = Main.storyboard;
			sourceTree = "<group>";
		};
		C01F9E8926207A2000E0AE56 /* LaunchScreen.storyboard */ = {
			isa = PBXVariantGroup;
			children = (
				C01F9E8A26207A2000E0AE56 /* Base */,
			);
			name = LaunchScreen.storyboard;
			sourceTree = "<group>";
		};
/* End PBXVariantGroup section */

/* Begin XCBuildConfiguration section */
		C01F9E8D26207A2000E0AE56 /* Debug */ = {
			isa = XCBuildConfiguration;
			buildSettings = {
				ALWAYS_SEARCH_USER_PATHS = NO;
				CLANG_ANALYZER_NONNULL = YES;
				CLANG_ANALYZER_NUMBER_OBJECT_CONVERSION = YES_AGGRESSIVE;
				CLANG_CXX_LANGUAGE_STANDARD = "gnu++14";
				CLANG_CXX_LIBRARY = "libc++";
				CLANG_ENABLE_MODULES = YES;
				CLANG_ENABLE_OBJC_ARC = YES;
				CLANG_ENABLE_OBJC_WEAK = YES;
				CLANG_WARN_BLOCK_CAPTURE_AUTORELEASING = YES;
				CLANG_WARN_BOOL_CONVERSION = YES;
				CLANG_WARN_COMMA = YES;
				CLANG_WARN_CONSTANT_CONVERSION = YES;
				CLANG_WARN_DEPRECATED_OBJC_IMPLEMENTATIONS = YES;
				CLANG_WARN_DIRECT_OBJC_ISA_USAGE = YES_ERROR;
				CLANG_WARN_DOCUMENTATION_COMMENTS = YES;
				CLANG_WARN_EMPTY_BODY = YES;
				CLANG_WARN_ENUM_CONVERSION = YES;
				CLANG_WARN_INFINITE_RECURSION = YES;
				CLANG_WARN_INT_CONVERSION = YES;
				CLANG_WARN_NON_LITERAL_NULL_CONVERSION = YES;
				CLANG_WARN_OBJC_IMPLICIT_RETAIN_SELF = YES;
				CLANG_WARN_OBJC_LITERAL_CONVERSION = YES;
				CLANG_WARN_OBJC_ROOT_CLASS = YES_ERROR;
				CLANG_WARN_QUOTED_INCLUDE_IN_FRAMEWORK_HEADER = YES;
				CLANG_WARN_RANGE_LOOP_ANALYSIS = YES;
				CLANG_WARN_STRICT_PROTOTYPES = YES;
				CLANG_WARN_SUSPICIOUS_MOVE = YES;
				CLANG_WARN_UNGUARDED_AVAILABILITY = YES_AGGRESSIVE;
				CLANG_WARN_UNREACHABLE_CODE = YES;
				CLANG_WARN__DUPLICATE_METHOD_MATCH = YES;
				COPY_PHASE_STRIP = NO;
				DEBUG_INFORMATION_FORMAT = dwarf;
				ENABLE_STRICT_OBJC_MSGSEND = YES;
				ENABLE_TESTABILITY = YES;
				GCC_C_LANGUAGE_STANDARD = gnu11;
				GCC_DYNAMIC_NO_PIC = NO;
				GCC_NO_COMMON_BLOCKS = YES;
				GCC_OPTIMIZATION_LEVEL = 0;
				GCC_PREPROCESSOR_DEFINITIONS = (
					"DEBUG=1",
					"$(inherited)",
				);
				GCC_WARN_64_TO_32_BIT_CONVERSION = YES;
				GCC_WARN_ABOUT_RETURN_TYPE = YES_ERROR;
				GCC_WARN_UNDECLARED_SELECTOR = YES;
				GCC_WARN_UNINITIALIZED_AUTOS = YES_AGGRESSIVE;
				GCC_WARN_UNUSED_FUNCTION = YES;
				GCC_WARN_UNUSED_VARIABLE = YES;
				IPHONEOS_DEPLOYMENT_TARGET = 14.4;
				MTL_ENABLE_DEBUG_INFO = INCLUDE_SOURCE;
				MTL_FAST_MATH = YES;
				ONLY_ACTIVE_ARCH = YES;
				SDKROOT = iphoneos;
				SWIFT_ACTIVE_COMPILATION_CONDITIONS = DEBUG;
				SWIFT_OPTIMIZATION_LEVEL = "-Onone";
			};
			name = Debug;
		};
		C01F9E8E26207A2000E0AE56 /* Release */ = {
			isa = XCBuildConfiguration;
			buildSettings = {
				ALWAYS_SEARCH_USER_PATHS = NO;
				CLANG_ANALYZER_NONNULL = YES;
				CLANG_ANALYZER_NUMBER_OBJECT_CONVERSION = YES_AGGRESSIVE;
				CLANG_CXX_LANGUAGE_STANDARD = "gnu++14";
				CLANG_CXX_LIBRARY = "libc++";
				CLANG_ENABLE_MODULES = YES;
				CLANG_ENABLE_OBJC_ARC = YES;
				CLANG_ENABLE_OBJC_WEAK = YES;
				CLANG_WARN_BLOCK_CAPTURE_AUTORELEASING = YES;
				CLANG_WARN_BOOL_CONVERSION = YES;
				CLANG_WARN_COMMA = YES;
				CLANG_WARN_CONSTANT_CONVERSION = YES;
				CLANG_WARN_DEPRECATED_OBJC_IMPLEMENTATIONS = YES;
				CLANG_WARN_DIRECT_OBJC_ISA_USAGE = YES_ERROR;
				CLANG_WARN_DOCUMENTATION_COMMENTS = YES;
				CLANG_WARN_EMPTY_BODY = YES;
				CLANG_WARN_ENUM_CONVERSION = YES;
				CLANG_WARN_INFINITE_RECURSION = YES;
				CLANG_WARN_INT_CONVERSION = YES;
				CLANG_WARN_NON_LITERAL_NULL_CONVERSION = YES;
				CLANG_WARN_OBJC_IMPLICIT_RETAIN_SELF = YES;
				CLANG_WARN_OBJC_LITERAL_CONVERSION = YES;
				CLANG_WARN_OBJC_ROOT_CLASS = YES_ERROR;
				CLANG_WARN_QUOTED_INCLUDE_IN_FRAMEWORK_HEADER = YES;
				CLANG_WARN_RANGE_LOOP_ANALYSIS = YES;
				CLANG_WARN_STRICT_PROTOTYPES = YES;
				CLANG_WARN_SUSPICIOUS_MOVE = YES;
				CLANG_WARN_UNGUARDED_AVAILABILITY = YES_AGGRESSIVE;
				CLANG_WARN_UNREACHABLE_CODE = YES;
				CLANG_WARN__DUPLICATE_METHOD_MATCH = YES;
				COPY_PHASE_STRIP = NO;
				DEBUG_INFORMATION_FORMAT = "dwarf-with-dsym";
				ENABLE_NS_ASSERTIONS = NO;
				ENABLE_STRICT_OBJC_MSGSEND = YES;
				GCC_C_LANGUAGE_STANDARD = gnu11;
				GCC_NO_COMMON_BLOCKS = YES;
				GCC_WARN_64_TO_32_BIT_CONVERSION = YES;
				GCC_WARN_ABOUT_RETURN_TYPE = YES_ERROR;
				GCC_WARN_UNDECLARED_SELECTOR = YES;
				GCC_WARN_UNINITIALIZED_AUTOS = YES_AGGRESSIVE;
				GCC_WARN_UNUSED_FUNCTION = YES;
				GCC_WARN_UNUSED_VARIABLE = YES;
				IPHONEOS_DEPLOYMENT_TARGET = 14.4;
				MTL_ENABLE_DEBUG_INFO = NO;
				MTL_FAST_MATH = YES;
				SDKROOT = iphoneos;
				SWIFT_COMPILATION_MODE = wholemodule;
				SWIFT_OPTIMIZATION_LEVEL = "-O";
				VALIDATE_PRODUCT = YES;
			};
			name = Release;
		};
		C01F9E9026207A2000E0AE56 /* Debug */ = {
			isa = XCBuildConfiguration;
			baseConfigurationReference = B9BE2378FD192404065A2DF3 /* Pods-MapKit.debug.xcconfig */;
			buildSettings = {
				ASSETCATALOG_COMPILER_APPICON_NAME = AppIcon;
				ASSETCATALOG_COMPILER_GLOBAL_ACCENT_COLOR_NAME = AccentColor;
				CODE_SIGN_STYLE = Automatic;
				INFOPLIST_FILE = MapKit/Info.plist;
				LD_RUNPATH_SEARCH_PATHS = (
					"$(inherited)",
					"@executable_path/Frameworks",
				);
				PRODUCT_BUNDLE_IDENTIFIER = Neo.MapKit;
				PRODUCT_NAME = "$(TARGET_NAME)";
				SWIFT_VERSION = 5.0;
				TARGETED_DEVICE_FAMILY = "1,2";
			};
			name = Debug;
		};
		C01F9E9126207A2000E0AE56 /* Release */ = {
			isa = XCBuildConfiguration;
			baseConfigurationReference = C01D1C0C5F3EE05D172904C0 /* Pods-MapKit.release.xcconfig */;
			buildSettings = {
				ASSETCATALOG_COMPILER_APPICON_NAME = AppIcon;
				ASSETCATALOG_COMPILER_GLOBAL_ACCENT_COLOR_NAME = AccentColor;
				CODE_SIGN_STYLE = Automatic;
				INFOPLIST_FILE = MapKit/Info.plist;
				LD_RUNPATH_SEARCH_PATHS = (
					"$(inherited)",
					"@executable_path/Frameworks",
				);
				PRODUCT_BUNDLE_IDENTIFIER = Neo.MapKit;
				PRODUCT_NAME = "$(TARGET_NAME)";
				SWIFT_VERSION = 5.0;
				TARGETED_DEVICE_FAMILY = "1,2";
			};
			name = Release;
		};
/* End XCBuildConfiguration section */

/* Begin XCConfigurationList section */
		C01F9E7626207A1F00E0AE56 /* Build configuration list for PBXProject "MapKit" */ = {
			isa = XCConfigurationList;
			buildConfigurations = (
				C01F9E8D26207A2000E0AE56 /* Debug */,
				C01F9E8E26207A2000E0AE56 /* Release */,
			);
			defaultConfigurationIsVisible = 0;
			defaultConfigurationName = Release;
		};
		C01F9E8F26207A2000E0AE56 /* Build configuration list for PBXNativeTarget "MapKit" */ = {
			isa = XCConfigurationList;
			buildConfigurations = (
				C01F9E9026207A2000E0AE56 /* Debug */,
				C01F9E9126207A2000E0AE56 /* Release */,
			);
			defaultConfigurationIsVisible = 0;
			defaultConfigurationName = Release;
		};
/* End XCConfigurationList section */
	};
	rootObject = C01F9E7326207A1F00E0AE56 /* Project object */;
}
